
Microsoft Visual Studio Solution File, Format Version 12.00
# Visual Studio Version 16
VisualStudioVersion = 16.0.31005.135
MinimumVisualStudioVersion = 10.0.40219.1
Project("{FAE04EC0-301F-11D3-BF4B-00C04F79EFBC}") = "Lab10", "Lab10\Lab10.csproj", "{CA47272D-A2E2-41C2-A3DB-B324DA883B2D}"
EndProject
Global
	GlobalSection(SolutionConfigurationPlatforms) = preSolution
		Debug|Any CPU = Debug|Any CPU
		Release|Any CPU = Release|Any CPU
	EndGlobalSection
	GlobalSection(ProjectConfigurationPlatforms) = postSolution
		{CA47272D-A2E2-41C2-A3DB-B324DA883B2D}.Debug|Any CPU.ActiveCfg = Debug|Any CPU
		{CA47272D-A2E2-41C2-A3DB-B324DA883B2D}.Debug|Any CPU.Build.0 = Debug|Any CPU
		{CA47272D-A2E2-41C2-A3DB-B324DA883B2D}.Release|Any CPU.ActiveCfg = Release|Any CPU
		{CA47272D-A2E2-41C2-A3DB-B324DA883B2D}.Release|Any CPU.Build.0 = Release|Any CPU
	EndGlobalSection
	GlobalSection(SolutionProperties) = preSolution
		HideSolutionNode = FALSE
	EndGlobalSection
	GlobalSection(ExtensibilityGlobals) = postSolution
		SolutionGuid = {4843A386-2D20-42DD-BDEF-0CB75EB0169B}
	EndGlobalSection
EndGlobal
